{
  "version": 4,
  "terraform_version": "0.15.0",
  "serial": 152,
  "lineage": "6026a834-eba1-d836-3842-5ea3fb76141f",
  "outputs": {},
  "resources": [
    {
      "mode": "managed",
      "type": "random_id",
      "name": "server",
      "provider": "provider[\"registry.terraform.io/hashicorp/random\"]",
      "instances": [
        {
          "schema_version": 0,
          "attributes": {
            "b64_std": "daWXNUeN51c=",
            "b64_url": "daWXNUeN51c",
            "byte_length": 8,
            "dec": "8477348128684369751",
            "hex": "75a59735478de757",
            "id": "daWXNUeN51c",
            "keepers": null,
            "prefix": null
          },
          "sensitive_attributes": [],
          "private": "bnVsbA=="
        }
      ]
    },
    {
      "mode": "managed",
      "type": "random_password",
      "name": "password",
      "provider": "provider[\"registry.terraform.io/hashicorp/random\"]",
      "instances": [
        {
          "schema_version": 0,
          "attributes": {
            "id": "none",
            "keepers": null,
            "length": 16,
            "lower": true,
            "min_lower": 0,
            "min_numeric": 0,
            "min_special": 1,
            "min_upper": 0,
            "number": true,
            "override_special": "!@*",
            "result": "v*1ys@i0QP@GccwJ",
            "special": true,
            "upper": true
          },
          "sensitive_attributes": [],
          "private": "bnVsbA=="
        }
      ]
    },
    {
      "mode": "managed",
      "type": "vserver_secgroup_resource",
      "name": "secgroup",
      "provider": "provider[\"vngcloud.com.vn/terraform/vserver\"]",
      "instances": [
        {
          "index_key": 0,
          "schema_version": 0,
          "attributes": {
            "description": null,
            "id": "secg-1d73b3d2-0208-46dc-88e9-1f32acb7a3b9",
            "name": "vinhph2-secgroup",
            "project_id": "pro-462803f3-6858-466f-bf05-df2b33faa360"
          },
          "sensitive_attributes": [],
          "private": "bnVsbA==",
          "create_before_destroy": true
        }
      ]
    },
    {
      "mode": "managed",
      "type": "vserver_secgrouprule_resource",
      "name": "secgrouprule",
      "provider": "provider[\"vngcloud.com.vn/terraform/vserver\"]",
      "instances": [
        {
          "index_key": 0,
          "schema_version": 0,
          "attributes": {
            "description": null,
            "direction": "ingress",
            "ethertype": "IPv4",
            "id": "secr-e04fe430-4976-4613-93ad-ceb05039fb2d",
            "port_range_max": 0,
            "port_range_min": 0,
            "project_id": "pro-462803f3-6858-466f-bf05-df2b33faa360",
            "protocol": "TCP",
            "remote_ip_prefix": "169.60.0.0/24",
            "security_group_id": "secg-1d73b3d2-0208-46dc-88e9-1f32acb7a3b9"
          },
          "sensitive_attributes": [],
          "private": "bnVsbA==",
          "dependencies": [
            "vserver_secgroup_resource.secgroup"
          ],
          "create_before_destroy": true
        }
      ]
    },
    {
      "mode": "managed",
      "type": "vserver_server_resource",
      "name": "server",
      "provider": "provider[\"vngcloud.com.vn/terraform/vserver\"]",
      "instances": [
        {
          "index_key": 0,
          "schema_version": 0,
          "attributes": {
            "action": "start",
            "attach_floating": null,
            "data_disk_encryption_type": null,
            "data_disk_size": null,
            "data_disk_type_id": null,
            "data_volume_name": null,
            "encryption_volume": false,
            "flavor_id": "flav-437f64a6-f55e-4f42-b861-65bcc62420de",
            "id": "ins-ae88a859-48ce-4102-874e-498a52adc417",
            "image_id": "img-1c29f7df-fa23-4dd2-bcfb-9de14dee72e7",
            "is_poc": null,
            "name": "vinhph2-server-0",
            "network_id": "net-26afee25-75db-4ce2-8e13-8e0d65d6c31c",
            "os_licence": null,
            "period": null,
            "project_id": "pro-462803f3-6858-466f-bf05-df2b33faa360",
            "root_disk_encryption_type": null,
            "root_disk_size": 20,
            "root_disk_type_id": "vtype-bacd68a4-8758-4fb6-a739-b047665e05d5",
            "security_group": [
              "secg-1d73b3d2-0208-46dc-88e9-1f32acb7a3b9"
            ],
            "source_type": null,
            "ssh_key": "ssh-12983988-1a34-44a3-9c92-75f2e0414268",
            "subnet_id": "sub-fbad9ffd-15bc-4c55-8bb0-b89951d41301"
          },
          "sensitive_attributes": [],
          "private": "bnVsbA==",
          "dependencies": [
            "vserver_secgroup_resource.secgroup",
            "vserver_sshkey_resource.sshkey",
            "vserver_subnet_resource.subnet"
          ],
          "create_before_destroy": true
        }
      ]
    },
    {
      "mode": "managed",
      "type": "vserver_sshkey_resource",
      "name": "sshkey",
      "provider": "provider[\"vngcloud.com.vn/terraform/vserver\"]",
      "instances": [
        {
          "index_key": 0,
          "schema_version": 0,
          "attributes": {
            "id": "ssh-12983988-1a34-44a3-9c92-75f2e0414268",
            "name": "vinhph2-sshkey",
            "project_id": "pro-462803f3-6858-466f-bf05-df2b33faa360",
            "public_key": "ssh-rsa AAAAB3NzaC1yc2EAAAADAQABAAABAQDdKmZvGX63ftbWtwSZ7zjamQlHVuU5GpEquKNyoVqMLLG2DGAZASWm5PDtbFygGbjgLMz+zNnWWxMP+XvOE1JTkmSNRIXvW/gf9jRJzFxbgvveo55wkop4id2AX6s9MBLrqQOsF3HIiMMDpoVr5Bc/sHaPBj9IepaeiiFAIeyZxN7SZVV5M4Mz0vBB6bEsxexOJDWRsy64DrQ2O3qKqoV0zgXRqWcr7taxXZkTz+Boo1l1GpCZ4liQO4iovYlkuKj8nx2d9wI+37vWrTVvHkGHaUgmuPuFIWGl+qn17ME7HPePGEpKjfH3asHBI1mT2eoxRhii8K/rvhwywXSiM/o3 ubuntu@localhost.localdomain"
          },
          "sensitive_attributes": [],
          "private": "bnVsbA==",
          "create_before_destroy": true
        }
      ]
    },
    {
      "mode": "managed",
      "type": "vserver_subnet_resource",
      "name": "subnet",
      "provider": "provider[\"vngcloud.com.vn/terraform/vserver\"]",
      "instances": [
        {
          "index_key": 0,
          "schema_version": 0,
          "attributes": {
            "cidr": "10.79.0.0/24",
            "id": "sub-fbad9ffd-15bc-4c55-8bb0-b89951d41301",
            "name": "vinhph2-subnet",
            "network_id": "net-26afee25-75db-4ce2-8e13-8e0d65d6c31c",
            "project_id": "pro-462803f3-6858-466f-bf05-df2b33faa360"
          },
          "sensitive_attributes": [],
          "private": "bnVsbA==",
          "create_before_destroy": true
        }
      ]
    },
    {
      "mode": "managed",
      "type": "vserver_volume_attach_resource",
      "name": "attach_volume",
      "provider": "provider[\"vngcloud.com.vn/terraform/vserver\"]",
      "instances": [
        {
          "schema_version": 0,
          "attributes": {
            "id": "vol-4fb7efd8-17c3-40cc-bc2b-7526afbc3079",
            "instance_id": "ins-ae88a859-48ce-4102-874e-498a52adc417",
            "project_id": "pro-462803f3-6858-466f-bf05-df2b33faa360",
            "volume_id": "vol-4fb7efd8-17c3-40cc-bc2b-7526afbc3079"
          },
          "sensitive_attributes": [],
          "private": "bnVsbA==",
          "dependencies": [
            "vserver_server_resource.server",
            "vserver_volume_resource.volume"
          ]
        }
      ]
    },
    {
      "mode": "managed",
      "type": "vserver_volume_resource",
      "name": "volume",
      "provider": "provider[\"vngcloud.com.vn/terraform/vserver\"]",
      "instances": [
        {
          "index_key": 0,
          "schema_version": 0,
          "attributes": {
            "encryption_type": null,
            "id": "vol-4fb7efd8-17c3-40cc-bc2b-7526afbc3079",
            "is_poc": null,
            "name": "vinhph2-volume",
            "period": null,
            "project_id": "pro-462803f3-6858-466f-bf05-df2b33faa360",
            "size": 20,
            "volume_type_id": "vtype-bacd68a4-8758-4fb6-a739-b047665e05d5"
          },
          "sensitive_attributes": [],
          "private": "bnVsbA==",
          "create_before_destroy": true
        }
      ]
    }
  ]
}
