{
  "version": 4,
  "terraform_version": "0.15.0",
  "serial": 1115,
  "lineage": "7adf6615-9894-6229-cc18-1ba23a636780",
  "outputs": {},
  "resources": [
    {
      "mode": "managed",
      "type": "random_id",
      "name": "server",
      "provider": "provider[\"registry.terraform.io/hashicorp/random\"]",
      "instances": [
        {
          "schema_version": 0,
          "attributes": {
            "b64_std": "E8zn5tPOD84=",
            "b64_url": "E8zn5tPOD84",
            "byte_length": 8,
            "dec": "1426770160551595982",
            "hex": "13cce7e6d3ce0fce",
            "id": "E8zn5tPOD84",
            "keepers": null,
            "prefix": null
          },
          "sensitive_attributes": [],
          "private": "bnVsbA=="
        }
      ]
    },
    {
      "mode": "managed",
      "type": "random_password",
      "name": "password",
      "provider": "provider[\"registry.terraform.io/hashicorp/random\"]",
      "instances": [
        {
          "schema_version": 0,
          "attributes": {
            "id": "none",
            "keepers": null,
            "length": 16,
            "lower": true,
            "min_lower": 0,
            "min_numeric": 0,
            "min_special": 1,
            "min_upper": 0,
            "number": true,
            "override_special": "!@*",
            "result": "ND9MQ*FluI!Oeue3",
            "special": true,
            "upper": true
          },
          "sensitive_attributes": [],
          "private": "bnVsbA=="
        }
      ]
    },
    {
      "mode": "managed",
      "type": "vserver_network_resource",
      "name": "network",
      "provider": "provider[\"vngcloud.com.vn/terraform/vserver\"]",
      "instances": [
        {
          "index_key": 0,
          "schema_version": 0,
          "attributes": {
            "cidr": "10.79.0.0/16",
            "id": "net-abbfa468-e3b5-48b5-a224-d8fb92bd793f",
            "name": "vinhph2-terraform-2",
            "project_id": "pro-26151c78-0470-4b4c-88a1-6ec41ef29492",
            "route_table_default_id": null
          },
          "sensitive_attributes": [],
          "private": "bnVsbA==",
          "create_before_destroy": true
        }
      ]
    }
  ]
}
